
Microsoft Visual Studio Solution File, Format Version 12.00
# Visual Studio Version 17
VisualStudioVersion = 17.5.33424.131
MinimumVisualStudioVersion = 10.0.40219.1
Project("{2150E333-8FDC-42A3-9474-1A3956D46DE8}") = "src", "src", "{3DAFD76D-679A-4BE7-BDD7-FA1559B966B6}"
EndProject
Project("{FAE04EC0-301F-11D3-BF4B-00C04F79EFBC}") = "Order.Domain", "src\Order.Domain\Order.Domain.csproj", "{C0E683A4-4113-45C2-8BD6-9D77456F5CED}"
EndProject
Project("{FAE04EC0-301F-11D3-BF4B-00C04F79EFBC}") = "Order.Application", "src\Order.Application\Order.Application.csproj", "{40AEC809-68E0-4198-951E-F778D8B32B83}"
EndProject
Project("{FAE04EC0-301F-11D3-BF4B-00C04F79EFBC}") = "Order.Infrastructure", "src\Order.Infrastructure\Order.Infrastructure.csproj", "{47D8F945-9578-488B-8B4A-BD6DC7060D87}"
EndProject
Project("{FAE04EC0-301F-11D3-BF4B-00C04F79EFBC}") = "Order.WebApi", "src\Order.WebApi\Order.WebApi.csproj", "{0A89CFDE-3509-4695-8F6A-2D5E5A3A3B9A}"
EndProject
Global
	GlobalSection(SolutionConfigurationPlatforms) = preSolution
		Debug|Any CPU = Debug|Any CPU
		Release|Any CPU = Release|Any CPU
	EndGlobalSection
	GlobalSection(ProjectConfigurationPlatforms) = postSolution
		{C0E683A4-4113-45C2-8BD6-9D77456F5CED}.Debug|Any CPU.ActiveCfg = Debug|Any CPU
		{C0E683A4-4113-45C2-8BD6-9D77456F5CED}.Debug|Any CPU.Build.0 = Debug|Any CPU
		{C0E683A4-4113-45C2-8BD6-9D77456F5CED}.Release|Any CPU.ActiveCfg = Release|Any CPU
		{C0E683A4-4113-45C2-8BD6-9D77456F5CED}.Release|Any CPU.Build.0 = Release|Any CPU
		{40AEC809-68E0-4198-951E-F778D8B32B83}.Debug|Any CPU.ActiveCfg = Debug|Any CPU
		{40AEC809-68E0-4198-951E-F778D8B32B83}.Debug|Any CPU.Build.0 = Debug|Any CPU
		{40AEC809-68E0-4198-951E-F778D8B32B83}.Release|Any CPU.ActiveCfg = Release|Any CPU
		{40AEC809-68E0-4198-951E-F778D8B32B83}.Release|Any CPU.Build.0 = Release|Any CPU
		{47D8F945-9578-488B-8B4A-BD6DC7060D87}.Debug|Any CPU.ActiveCfg = Debug|Any CPU
		{47D8F945-9578-488B-8B4A-BD6DC7060D87}.Debug|Any CPU.Build.0 = Debug|Any CPU
		{47D8F945-9578-488B-8B4A-BD6DC7060D87}.Release|Any CPU.ActiveCfg = Release|Any CPU
		{47D8F945-9578-488B-8B4A-BD6DC7060D87}.Release|Any CPU.Build.0 = Release|Any CPU
		{0A89CFDE-3509-4695-8F6A-2D5E5A3A3B9A}.Debug|Any CPU.ActiveCfg = Debug|Any CPU
		{0A89CFDE-3509-4695-8F6A-2D5E5A3A3B9A}.Debug|Any CPU.Build.0 = Debug|Any CPU
		{0A89CFDE-3509-4695-8F6A-2D5E5A3A3B9A}.Release|Any CPU.ActiveCfg = Release|Any CPU
		{0A89CFDE-3509-4695-8F6A-2D5E5A3A3B9A}.Release|Any CPU.Build.0 = Release|Any CPU
	EndGlobalSection
	GlobalSection(SolutionProperties) = preSolution
		HideSolutionNode = FALSE
	EndGlobalSection
	GlobalSection(NestedProjects) = preSolution
		{C0E683A4-4113-45C2-8BD6-9D77456F5CED} = {3DAFD76D-679A-4BE7-BDD7-FA1559B966B6}
		{40AEC809-68E0-4198-951E-F778D8B32B83} = {3DAFD76D-679A-4BE7-BDD7-FA1559B966B6}
		{47D8F945-9578-488B-8B4A-BD6DC7060D87} = {3DAFD76D-679A-4BE7-BDD7-FA1559B966B6}
		{0A89CFDE-3509-4695-8F6A-2D5E5A3A3B9A} = {3DAFD76D-679A-4BE7-BDD7-FA1559B966B6}
	EndGlobalSection
	GlobalSection(ExtensibilityGlobals) = postSolution
		SolutionGuid = {57DE739A-BD72-4B93-867C-181C25184F7C}
	EndGlobalSection
EndGlobal
